
Microsoft Visual Studio Solution File, Format Version 12.00
# Visual Studio Version 16
VisualStudioVersion = 16.0.30320.27
MinimumVisualStudioVersion = 10.0.40219.1
Project("{FAE04EC0-301F-11D3-BF4B-00C04F79EFBC}") = "ProvaWeb_GiovaniThiago", "ProvaWeb_GiovaniThiago\ProvaWeb_GiovaniThiago.csproj", "{E96F4D00-ED6D-4966-ADA3-1664EBD4E8E0}"
EndProject
Global
	GlobalSection(SolutionConfigurationPlatforms) = preSolution
		Debug|Any CPU = Debug|Any CPU
		Release|Any CPU = Release|Any CPU
	EndGlobalSection
	GlobalSection(ProjectConfigurationPlatforms) = postSolution
		{E96F4D00-ED6D-4966-ADA3-1664EBD4E8E0}.Debug|Any CPU.ActiveCfg = Debug|Any CPU
		{E96F4D00-ED6D-4966-ADA3-1664EBD4E8E0}.Debug|Any CPU.Build.0 = Debug|Any CPU
		{E96F4D00-ED6D-4966-ADA3-1664EBD4E8E0}.Release|Any CPU.ActiveCfg = Release|Any CPU
		{E96F4D00-ED6D-4966-ADA3-1664EBD4E8E0}.Release|Any CPU.Build.0 = Release|Any CPU
	EndGlobalSection
	GlobalSection(SolutionProperties) = preSolution
		HideSolutionNode = FALSE
	EndGlobalSection
	GlobalSection(ExtensibilityGlobals) = postSolution
		SolutionGuid = {AE3F57DE-7818-426B-9993-A147B5825045}
	EndGlobalSection
EndGlobal
